github.com/evanw/esbuild v0.14.23 h1:WieoEqweXM+MxaibltccJFdm2/WDJfiPeHtuV4JBaeM=
github.com/evanw/esbuild v0.14.23/go.mod h1:GG+zjdi59yh3ehDn4ZWfPcATxjPDUH53iU4ZJbp7dkY=
github.com/google/flatbuffers v2.0.6+incompatible h1:XHFReMv7nFFusa+CEokzWbzaYocKXI6C7hdU5Kgh9Lw=
github.com/google/flatbuffers v2.0.6+incompatible/go.mod h1:1AeVuKshWv4vARoZatz6mlQ0JxURH0Kv5+zNeJKJCa8=
golang.org/x/sys v0.0.0-20210908233432-aa78b53d3365 h1:6wSTsvPddg9gc/mVEEyk9oOAoxn+bT4Z9q1zx+4RwA4=
golang.org/x/sys v0.0.0-20210908233432-aa78b53d3365/go.mod h1:oPkhp1MJrh7nUepCBck5+mAzfO9JrbApNNgaTdGDITg=
